{
  "version": "4",
  "specifiers": {
    "npm:@supabase/supabase-js@2.0.0": "2.0.0",
    "npm:@types/node@*": "22.12.0",
    "npm:google-auth-library@9.0.0": "9.0.0"
  },
  "npm": {
    "@supabase/functions-js@2.4.4": {
      "integrity": "sha512-WL2p6r4AXNGwop7iwvul2BvOtuJ1YQy8EbOd0dhG1oN1q8el/BIRSFCFnWAMM/vJJlHWLi4ad22sKbKr9mvjoA==",
      "dependencies": [
        "@supabase/node-fetch"
      ]
    },
    "@supabase/gotrue-js@2.69.1": {
      "integrity": "sha512-8sDoeMQXV2mYlWyeYvkL/m4VdiSlJ9bfBtfvIm1xoIpqp3ILs4ANdVOn33dpOXO2U282A6mRp4W9MVM3twZkfQ==",
      "dependencies": [
        "@supabase/node-fetch"
      ]
    },
    "@supabase/node-fetch@2.6.15": {
      "integrity": "sha512-1ibVeYUacxWYi9i0cf5efil6adJ9WRyZBLivgjs+AUpewx1F3xPi7gLgaASI2SmIQxPoCEjAsLAzKPgMJVgOUQ==",
      "dependencies": [
        "whatwg-url"
      ]
    },
    "@supabase/postgrest-js@1.19.4": {
      "integrity": "sha512-O4soKqKtZIW3olqmbXXbKugUtByD2jPa8kL2m2c1oozAO11uCcGrRhkZL0kVxjBLrXHE0mdSkFsMj7jDSfyNpw==",
      "dependencies": [
        "@supabase/node-fetch"
      ]
    },
    "@supabase/realtime-js@2.11.7": {
      "integrity": "sha512-EYNW/IS7DzW/HoTtRWTjSnR2qLcwAIzpCP2ifNEGOs8aKhKgzz+PpXaiiBPo/3kE7EsEtFJf/3Y5gWugQI5KNw==",
      "dependencies": [
        "@supabase/node-fetch",
        "@types/phoenix",
        "@types/ws",
        "ws"
      ]
    },
    "@supabase/storage-js@2.7.2": {
      "integrity": "sha512-l1Dl5QYacDVuFodFrfvw+iqHU0blS6bnPREtsPnxJfAirZa+G8ct9JoACReExjFVX4i+fvTmP8NSBqlTfGJ87w==",
      "dependencies": [
        "@supabase/node-fetch"
      ]
    },
    "@supabase/supabase-js@2.0.0": {
      "integrity": "sha512-8nNMXYzBlQVSDONFaNgyyxsAdUY+C9Q/7vEDYDdTFTyC3i+luXTDOSjHMLcjIky/+x5rIAcNQqqIJ48HJUluXA==",
      "dependencies": [
        "@supabase/functions-js",
        "@supabase/gotrue-js",
        "@supabase/postgrest-js",
        "@supabase/realtime-js",
        "@supabase/storage-js",
        "cross-fetch"
      ]
    },
    "@types/node@22.12.0": {
      "integrity": "sha512-Fll2FZ1riMjNmlmJOdAyY5pUbkftXslB5DgEzlIuNaiWhXd00FhWxVC/r4yV/4wBb9JfImTu+jiSvXTkJ7F/gA==",
      "dependencies": [
        "undici-types"
      ]
    },
    "@types/phoenix@1.6.6": {
      "integrity": "sha512-PIzZZlEppgrpoT2QgbnDU+MMzuR6BbCjllj0bM70lWoejMeNJAxCchxnv7J3XFkI8MpygtRpzXrIlmWUBclP5A=="
    },
    "@types/ws@8.18.1": {
      "integrity": "sha512-ThVF6DCVhA8kUGy+aazFQ4kXQ7E1Ty7A3ypFOe0IcJV8O/M511G99AW24irKrW56Wt44yG9+ij8FaqoBGkuBXg==",
      "dependencies": [
        "@types/node"
      ]
    },
    "agent-base@7.1.3": {
      "integrity": "sha512-jRR5wdylq8CkOe6hei19GGZnxM6rBGwFl3Bg0YItGDimvjGtAvdZk4Pu6Cl4u4Igsws4a1fd1Vq3ezrhn4KmFw=="
    },
    "base64-js@1.5.1": {
      "integrity": "sha512-AKpaYlHn8t4SVbOHCy+b5+KKgvR4vrsD8vbvrbiQJps7fKDTkjkDry6ji0rUJjC0kzbNePLwzxq8iypo41qeWA=="
    },
    "bignumber.js@9.3.0": {
      "integrity": "sha512-EM7aMFTXbptt/wZdMlBv2t8IViwQL+h6SLHosp8Yf0dqJMTnY6iL32opnAB6kAdL0SZPuvcAzFr31o0c/R3/RA=="
    },
    "buffer-equal-constant-time@1.0.1": {
      "integrity": "sha512-zRpUiDwd/xk6ADqPMATG8vc9VPrkck7T07OIx0gnjmJAnHnTVXNQG3vfvWNuiZIkwu9KrKdA1iJKfsfTVxE6NA=="
    },
    "cross-fetch@3.2.0": {
      "integrity": "sha512-Q+xVJLoGOeIMXZmbUK4HYk+69cQH6LudR0Vu/pRm2YlU/hDV9CiS0gKUMaWY5f2NeUH9C1nV3bsTlCo0FsTV1Q==",
      "dependencies": [
        "node-fetch"
      ]
    },
    "debug@4.4.0": {
      "integrity": "sha512-6WTZ/IxCY/T6BALoZHaE4ctp9xm+Z5kY/pzYaCHRFeyVhojxlrm+46y68HA6hr0TcwEssoxNiDEUJQjfPZ/RYA==",
      "dependencies": [
        "ms"
      ]
    },
    "ecdsa-sig-formatter@1.0.11": {
      "integrity": "sha512-nagl3RYrbNv6kQkeJIpt6NJZy8twLB/2vtz6yN9Z4vRKHN4/QZJIEbqohALSgwKdnksuY3k5Addp5lg8sVoVcQ==",
      "dependencies": [
        "safe-buffer"
      ]
    },
    "extend@3.0.2": {
      "integrity": "sha512-fjquC59cD7CyW6urNXK0FBufkZcoiGG80wTuPujX590cB5Ttln20E2UB4S/WARVqhXffZl2LNgS+gQdPIIim/g=="
    },
    "gaxios@6.7.1": {
      "integrity": "sha512-LDODD4TMYx7XXdpwxAVRAIAuB0bzv0s+ywFonY46k126qzQHT9ygyoa9tncmOiQmmDrik65UYsEkv3lbfqQ3yQ==",
      "dependencies": [
        "extend",
        "https-proxy-agent",
        "is-stream",
        "node-fetch",
        "uuid"
      ]
    },
    "gcp-metadata@6.1.1": {
      "integrity": "sha512-a4tiq7E0/5fTjxPAaH4jpjkSv/uCaU2p5KC6HVGrvl0cDjA8iBZv4vv1gyzlmK0ZUKqwpOyQMKzZQe3lTit77A==",
      "dependencies": [
        "gaxios",
        "google-logging-utils",
        "json-bigint"
      ]
    },
    "google-auth-library@9.0.0": {
      "integrity": "sha512-IQGjgQoVUAfOk6khqTVMLvWx26R+yPw9uLyb1MNyMQpdKiKt0Fd9sp4NWoINjyGHR8S3iw12hMTYK7O8J07c6Q==",
      "dependencies": [
        "base64-js",
        "ecdsa-sig-formatter",
        "gaxios",
        "gcp-metadata",
        "gtoken",
        "jws",
        "lru-cache"
      ]
    },
    "google-logging-utils@0.0.2": {
      "integrity": "sha512-NEgUnEcBiP5HrPzufUkBzJOD/Sxsco3rLNo1F1TNf7ieU8ryUzBhqba8r756CjLX7rn3fHl6iLEwPYuqpoKgQQ=="
    },
    "gtoken@7.1.0": {
      "integrity": "sha512-pCcEwRi+TKpMlxAQObHDQ56KawURgyAf6jtIY046fJ5tIv3zDe/LEIubckAO8fj6JnAxLdmWkUfNyulQ2iKdEw==",
      "dependencies": [
        "gaxios",
        "jws"
      ]
    },
    "https-proxy-agent@7.0.6": {
      "integrity": "sha512-vK9P5/iUfdl95AI+JVyUuIcVtd4ofvtrOr3HNtM2yxC9bnMbEdp3x01OhQNnjb8IJYi38VlTE3mBXwcfvywuSw==",
      "dependencies": [
        "agent-base",
        "debug"
      ]
    },
    "is-stream@2.0.1": {
      "integrity": "sha512-hFoiJiTl63nn+kstHGBtewWSKnQLpyb155KHheA1l39uvtO9nWIop1p3udqPcUd/xbF1VLMO4n7OI6p7RbngDg=="
    },
    "json-bigint@1.0.0": {
      "integrity": "sha512-SiPv/8VpZuWbvLSMtTDU8hEfrZWg/mH/nV/b4o0CYbSxu1UIQPLdwKOCIyLQX+VIPO5vrLX3i8qtqFyhdPSUSQ==",
      "dependencies": [
        "bignumber.js"
      ]
    },
    "jwa@2.0.0": {
      "integrity": "sha512-jrZ2Qx916EA+fq9cEAeCROWPTfCwi1IVHqT2tapuqLEVVDKFDENFw1oL+MwrTvH6msKxsd1YTDVw6uKEcsrLEA==",
      "dependencies": [
        "buffer-equal-constant-time",
        "ecdsa-sig-formatter",
        "safe-buffer"
      ]
    },
    "jws@4.0.0": {
      "integrity": "sha512-KDncfTmOZoOMTFG4mBlG0qUIOlc03fmzH+ru6RgYVZhPkyiy/92Owlt/8UEN+a4TXR1FQetfIpJE8ApdvdVxTg==",
      "dependencies": [
        "jwa",
        "safe-buffer"
      ]
    },
    "lru-cache@6.0.0": {
      "integrity": "sha512-Jo6dJ04CmSjuznwJSS3pUeWmd/H0ffTlkXXgwZi+eq1UCmqQwCh+eLsYOYCwY991i2Fah4h1BEMCx4qThGbsiA==",
      "dependencies": [
        "yallist"
      ]
    },
    "ms@2.1.3": {
      "integrity": "sha512-6FlzubTLZG3J2a/NVCAleEhjzq5oxgHyaCU9yYXvcLsvoVaHJq/s5xXI6/XXP6tz7R9xAOtHnSO/tXtF3WRTlA=="
    },
    "node-fetch@2.7.0": {
      "integrity": "sha512-c4FRfUm/dbcWZ7U+1Wq0AwCyFL+3nt2bEw05wfxSz+DWpWsitgmSgYmy2dQdWyKC1694ELPqMs/YzUSNozLt8A==",
      "dependencies": [
        "whatwg-url"
      ]
    },
    "safe-buffer@5.2.1": {
      "integrity": "sha512-rp3So07KcdmmKbGvgaNxQSJr7bGVSVk5S9Eq1F+ppbRo70+YeaDxkw5Dd8NPN+GD6bjnYm2VuPuCXmpuYvmCXQ=="
    },
    "tr46@0.0.3": {
      "integrity": "sha512-N3WMsuqV66lT30CrXNbEjx4GEwlow3v6rr4mCcv6prnfwhS01rkgyFdjPNBYd9br7LpXV1+Emh01fHnq2Gdgrw=="
    },
    "undici-types@6.20.0": {
      "integrity": "sha512-Ny6QZ2Nju20vw1SRHe3d9jVu6gJ+4e3+MMpqu7pqE5HT6WsTSlce++GQmK5UXS8mzV8DSYHrQH+Xrf2jVcuKNg=="
    },
    "uuid@9.0.1": {
      "integrity": "sha512-b+1eJOlsR9K8HJpow9Ok3fiWOWSIcIzXodvv0rQjVoOVNpWMpxf1wZNpt4y9h10odCNrqnYp1OBzRktckBe3sA=="
    },
    "webidl-conversions@3.0.1": {
      "integrity": "sha512-2JAn3z8AR6rjK8Sm8orRC0h/bcl/DqL7tRPdGZ4I1CjdF+EaMLmYxBHyXuKL849eucPFhvBoxMsflfOb8kxaeQ=="
    },
    "whatwg-url@5.0.0": {
      "integrity": "sha512-saE57nupxk6v3HY35+jzBwYa0rKSy0XR8JSxZPwgLr7ys0IBzhGviA1/TUGJLmSVqs8pb9AnvICXEuOHLprYTw==",
      "dependencies": [
        "tr46",
        "webidl-conversions"
      ]
    },
    "ws@8.18.1": {
      "integrity": "sha512-RKW2aJZMXeMxVpnZ6bck+RswznaxmzdULiBr6KY7XkTnW8uvt0iT9H5DkHUChXrc+uurzwa0rVI16n/Xzjdz1w=="
    },
    "yallist@4.0.0": {
      "integrity": "sha512-3wdGidZyq5PB084XLES5TpOSRA3wjXAlIWMhum2kRcv/41Sn2emQ0dycQW4uZXLejwKvg6EsvbdlVL+FYEct7A=="
    }
  }
}
